// !$*UTF8*$!
{
	archiveVersion = 1;
	classes = {
	};
	objectVersion = 51;
	objects = {

/* Begin PBXBuildFile section */
		40C810C638477B467698F190 /* Pods_RecipleaseTests.framework in Frameworks */ = {isa = PBXBuildFile; fileRef = 6F17EEEA636155A7E9AD2402 /* Pods_RecipleaseTests.framework */; };
		6ECE3C03DE0C228EC31C0075 /* Pods_Reciplease_RecipleaseUITests.framework in Frameworks */ = {isa = PBXBuildFile; fileRef = A95267FA6BB9A169829AB7AE /* Pods_Reciplease_RecipleaseUITests.framework */; };
		C20270E32567AAE300DE5986 /* InternetConnectionVerifiyer.swift in Sources */ = {isa = PBXBuildFile; fileRef = C20270E22567AAE300DE5986 /* InternetConnectionVerifiyer.swift */; };
		C22BA04D25501E8B005D9906 /* AddIngredientsViewController.swift in Sources */ = {isa = PBXBuildFile; fileRef = C22BA04C25501E8B005D9906 /* AddIngredientsViewController.swift */; };
		C22BA04F2550253F005D9906 /* ApiKey.swift in Sources */ = {isa = PBXBuildFile; fileRef = C22BA04E2550253F005D9906 /* ApiKey.swift */; };
		C22BA051255025C4005D9906 /* RecipeService.swift in Sources */ = {isa = PBXBuildFile; fileRef = C22BA050255025C4005D9906 /* RecipeService.swift */; };
		C22BA05325503913005D9906 /* RecipeSearchResult.swift in Sources */ = {isa = PBXBuildFile; fileRef = C22BA05225503913005D9906 /* RecipeSearchResult.swift */; };
		C22BA0612557FB50005D9906 /* ApiError.swift in Sources */ = {isa = PBXBuildFile; fileRef = C22BA0602557FB50005D9906 /* ApiError.swift */; };
		C22BA063255802E9005D9906 /* RecipeListViewController.swift in Sources */ = {isa = PBXBuildFile; fileRef = C22BA062255802E9005D9906 /* RecipeListViewController.swift */; };
		C22BA06B2558491F005D9906 /* Extension+Viewcontroller.swift in Sources */ = {isa = PBXBuildFile; fileRef = C22BA06A2558491F005D9906 /* Extension+Viewcontroller.swift */; };
		C23B575725627C04004EDA15 /* TestCoreDataStack.swift in Sources */ = {isa = PBXBuildFile; fileRef = C23B575625627C04004EDA15 /* TestCoreDataStack.swift */; };
		C23B575C2562810B004EDA15 /* CoreDataStoreTestCase.swift in Sources */ = {isa = PBXBuildFile; fileRef = C23B575B2562810B004EDA15 /* CoreDataStoreTestCase.swift */; };
		C242B764255AD0CF004E2A73 /* DetailViewController.swift in Sources */ = {isa = PBXBuildFile; fileRef = C242B763255AD0CF004E2A73 /* DetailViewController.swift */; };
		C242B77F255BD411004E2A73 /* NibView.swift in Sources */ = {isa = PBXBuildFile; fileRef = C242B77E255BD411004E2A73 /* NibView.swift */; };
		C242B787255BD4A9004E2A73 /* RecipeDetailView.swift in Sources */ = {isa = PBXBuildFile; fileRef = C242B786255BD4A8004E2A73 /* RecipeDetailView.swift */; };
		C25E4EE9255924BE00A43439 /* Extension+UIImageView.swift in Sources */ = {isa = PBXBuildFile; fileRef = C25E4EE8255924BE00A43439 /* Extension+UIImageView.swift */; };
		C25E4EEC2559514200A43439 /* RecipeTableViewCell.swift in Sources */ = {isa = PBXBuildFile; fileRef = C25E4EEA2559514200A43439 /* RecipeTableViewCell.swift */; };
		C25E4EED2559514200A43439 /* RecipeTableViewCell.xib in Resources */ = {isa = PBXBuildFile; fileRef = C25E4EEB2559514200A43439 /* RecipeTableViewCell.xib */; };
		C25E4EEF255A835600A43439 /* RecipeSearchError.swift in Sources */ = {isa = PBXBuildFile; fileRef = C25E4EEE255A835600A43439 /* RecipeSearchError.swift */; };
		C2643C0C255C137E00C089EA /* RecipeDetailView.xib in Resources */ = {isa = PBXBuildFile; fileRef = C2643C0B255C137E00C089EA /* RecipeDetailView.xib */; };
		C2643C2D255C549100C089EA /* FavoriteViewController.swift in Sources */ = {isa = PBXBuildFile; fileRef = C2643C2C255C549100C089EA /* FavoriteViewController.swift */; };
		C28923B5256293E70081B1A9 /* edamam.json in Resources */ = {isa = PBXBuildFile; fileRef = C28923B4256293E70081B1A9 /* edamam.json */; };
		C28923BA256294800081B1A9 /* FakeResponseData.swift in Sources */ = {isa = PBXBuildFile; fileRef = C28923B9256294800081B1A9 /* FakeResponseData.swift */; };
		C28923DC256298E00081B1A9 /* AlamoSessionFake.swift in Sources */ = {isa = PBXBuildFile; fileRef = C28923DB256298E00081B1A9 /* AlamoSessionFake.swift */; };
		C28E8C82254FF32500FDEE84 /* AppDelegate.swift in Sources */ = {isa = PBXBuildFile; fileRef = C28E8C81254FF32500FDEE84 /* AppDelegate.swift */; };
		C28E8C84254FF32500FDEE84 /* SceneDelegate.swift in Sources */ = {isa = PBXBuildFile; fileRef = C28E8C83254FF32500FDEE84 /* SceneDelegate.swift */; };
		C28E8C89254FF32500FDEE84 /* Main.storyboard in Resources */ = {isa = PBXBuildFile; fileRef = C28E8C87254FF32500FDEE84 /* Main.storyboard */; };
		C28E8C8C254FF32500FDEE84 /* Reciplease.xcdatamodeld in Sources */ = {isa = PBXBuildFile; fileRef = C28E8C8A254FF32500FDEE84 /* Reciplease.xcdatamodeld */; };
		C28E8C8E254FF32A00FDEE84 /* Assets.xcassets in Resources */ = {isa = PBXBuildFile; fileRef = C28E8C8D254FF32A00FDEE84 /* Assets.xcassets */; };
		C28E8C91254FF32A00FDEE84 /* LaunchScreen.storyboard in Resources */ = {isa = PBXBuildFile; fileRef = C28E8C8F254FF32A00FDEE84 /* LaunchScreen.storyboard */; };
		C28E8CA7254FF32B00FDEE84 /* RecipleaseUITests.swift in Sources */ = {isa = PBXBuildFile; fileRef = C28E8CA6254FF32B00FDEE84 /* RecipleaseUITests.swift */; };
		C2C15A1C255FECC6001FE157 /* FavoriteRecipe.swift in Sources */ = {isa = PBXBuildFile; fileRef = C2C15A1B255FECC6001FE157 /* FavoriteRecipe.swift */; };
		C2C15A3B256001C3001FE157 /* RecipeModel.swift in Sources */ = {isa = PBXBuildFile; fileRef = C2C15A3A256001C3001FE157 /* RecipeModel.swift */; };
		C2C15A4925614754001FE157 /* CoreDataStack.swift in Sources */ = {isa = PBXBuildFile; fileRef = C2C15A4825614754001FE157 /* CoreDataStack.swift */; };
		C2C15A4E25614BC2001FE157 /* FavoriteRecipeStorage.swift in Sources */ = {isa = PBXBuildFile; fileRef = C2C15A4D25614BC2001FE157 /* FavoriteRecipeStorage.swift */; };
		C2C15A74256179F5001FE157 /* SessionProtocol.swift in Sources */ = {isa = PBXBuildFile; fileRef = C2C15A73256179F5001FE157 /* SessionProtocol.swift */; };
		C2C15A8025617D69001FE157 /* AlamoClient.swift in Sources */ = {isa = PBXBuildFile; fileRef = C2C15A7F25617D69001FE157 /* AlamoClient.swift */; };
		C2C15A9C25619B1B001FE157 /* RecipeServiceTestCase.swift in Sources */ = {isa = PBXBuildFile; fileRef = C2C15A9B25619B1B001FE157 /* RecipeServiceTestCase.swift */; };
		F2716ED2A8462A3EB246B7F2 /* Pods_Reciplease.framework in Frameworks */ = {isa = PBXBuildFile; fileRef = 630378570F790D54DA61274D /* Pods_Reciplease.framework */; };
/* End PBXBuildFile section */

/* Begin PBXContainerItemProxy section */
		C28E8C98254FF32B00FDEE84 /* PBXContainerItemProxy */ = {
			isa = PBXContainerItemProxy;
			containerPortal = C28E8C76254FF32500FDEE84 /* Project object */;
			proxyType = 1;
			remoteGlobalIDString = C28E8C7D254FF32500FDEE84;
			remoteInfo = Reciplease;
		};
		C28E8CA3254FF32B00FDEE84 /* PBXContainerItemProxy */ = {
			isa = PBXContainerItemProxy;
			containerPortal = C28E8C76254FF32500FDEE84 /* Project object */;
			proxyType = 1;
			remoteGlobalIDString = C28E8C7D254FF32500FDEE84;
			remoteInfo = Reciplease;
		};
/* End PBXContainerItemProxy section */

/* Begin PBXFileReference section */
		31908AA437E4CAC4F51A6555 /* Pods-Reciplease-RecipleaseUITests.release.xcconfig */ = {isa = PBXFileReference; includeInIndex = 1; lastKnownFileType = text.xcconfig; name = "Pods-Reciplease-RecipleaseUITests.release.xcconfig"; path = "Target Support Files/Pods-Reciplease-RecipleaseUITests/Pods-Reciplease-RecipleaseUITests.release.xcconfig"; sourceTree = "<group>"; };
		5A5FA37E8FB6AA2572FC6CAA /* Pods-RecipleaseTests.release.xcconfig */ = {isa = PBXFileReference; includeInIndex = 1; lastKnownFileType = text.xcconfig; name = "Pods-RecipleaseTests.release.xcconfig"; path = "Target Support Files/Pods-RecipleaseTests/Pods-RecipleaseTests.release.xcconfig"; sourceTree = "<group>"; };
		5A826A1E231DCFD14E54ADEF /* Pods-Reciplease-RecipleaseUITests.debug.xcconfig */ = {isa = PBXFileReference; includeInIndex = 1; lastKnownFileType = text.xcconfig; name = "Pods-Reciplease-RecipleaseUITests.debug.xcconfig"; path = "Target Support Files/Pods-Reciplease-RecipleaseUITests/Pods-Reciplease-RecipleaseUITests.debug.xcconfig"; sourceTree = "<group>"; };
		630378570F790D54DA61274D /* Pods_Reciplease.framework */ = {isa = PBXFileReference; explicitFileType = wrapper.framework; includeInIndex = 0; path = Pods_Reciplease.framework; sourceTree = BUILT_PRODUCTS_DIR; };
		6F17EEEA636155A7E9AD2402 /* Pods_RecipleaseTests.framework */ = {isa = PBXFileReference; explicitFileType = wrapper.framework; includeInIndex = 0; path = Pods_RecipleaseTests.framework; sourceTree = BUILT_PRODUCTS_DIR; };
		A0113864C28CA139235CDDB2 /* Pods-Reciplease.release.xcconfig */ = {isa = PBXFileReference; includeInIndex = 1; lastKnownFileType = text.xcconfig; name = "Pods-Reciplease.release.xcconfig"; path = "Target Support Files/Pods-Reciplease/Pods-Reciplease.release.xcconfig"; sourceTree = "<group>"; };
		A95267FA6BB9A169829AB7AE /* Pods_Reciplease_RecipleaseUITests.framework */ = {isa = PBXFileReference; explicitFileType = wrapper.framework; includeInIndex = 0; path = Pods_Reciplease_RecipleaseUITests.framework; sourceTree = BUILT_PRODUCTS_DIR; };
		C20270E22567AAE300DE5986 /* InternetConnectionVerifiyer.swift */ = {isa = PBXFileReference; lastKnownFileType = sourcecode.swift; path = InternetConnectionVerifiyer.swift; sourceTree = "<group>"; };
		C22BA04C25501E8B005D9906 /* AddIngredientsViewController.swift */ = {isa = PBXFileReference; lastKnownFileType = sourcecode.swift; path = AddIngredientsViewController.swift; sourceTree = "<group>"; };
		C22BA04E2550253F005D9906 /* ApiKey.swift */ = {isa = PBXFileReference; lastKnownFileType = sourcecode.swift; path = ApiKey.swift; sourceTree = "<group>"; };
		C22BA050255025C4005D9906 /* RecipeService.swift */ = {isa = PBXFileReference; lastKnownFileType = sourcecode.swift; path = RecipeService.swift; sourceTree = "<group>"; };
		C22BA05225503913005D9906 /* RecipeSearchResult.swift */ = {isa = PBXFileReference; lastKnownFileType = sourcecode.swift; path = RecipeSearchResult.swift; sourceTree = "<group>"; };
		C22BA0602557FB50005D9906 /* ApiError.swift */ = {isa = PBXFileReference; lastKnownFileType = sourcecode.swift; path = ApiError.swift; sourceTree = "<group>"; };
		C22BA062255802E9005D9906 /* RecipeListViewController.swift */ = {isa = PBXFileReference; lastKnownFileType = sourcecode.swift; path = RecipeListViewController.swift; sourceTree = "<group>"; };
		C22BA06A2558491F005D9906 /* Extension+Viewcontroller.swift */ = {isa = PBXFileReference; lastKnownFileType = sourcecode.swift; path = "Extension+Viewcontroller.swift"; sourceTree = "<group>"; };
		C23B575625627C04004EDA15 /* TestCoreDataStack.swift */ = {isa = PBXFileReference; lastKnownFileType = sourcecode.swift; path = TestCoreDataStack.swift; sourceTree = "<group>"; };
		C23B575B2562810B004EDA15 /* CoreDataStoreTestCase.swift */ = {isa = PBXFileReference; lastKnownFileType = sourcecode.swift; path = CoreDataStoreTestCase.swift; sourceTree = "<group>"; };
		C242B763255AD0CF004E2A73 /* DetailViewController.swift */ = {isa = PBXFileReference; lastKnownFileType = sourcecode.swift; path = DetailViewController.swift; sourceTree = "<group>"; };
		C242B77E255BD411004E2A73 /* NibView.swift */ = {isa = PBXFileReference; lastKnownFileType = sourcecode.swift; path = NibView.swift; sourceTree = "<group>"; };
		C242B786255BD4A8004E2A73 /* RecipeDetailView.swift */ = {isa = PBXFileReference; lastKnownFileType = sourcecode.swift; path = RecipeDetailView.swift; sourceTree = "<group>"; };
		C25E4EE8255924BE00A43439 /* Extension+UIImageView.swift */ = {isa = PBXFileReference; lastKnownFileType = sourcecode.swift; path = "Extension+UIImageView.swift"; sourceTree = "<group>"; };
		C25E4EEA2559514200A43439 /* RecipeTableViewCell.swift */ = {isa = PBXFileReference; lastKnownFileType = sourcecode.swift; path = RecipeTableViewCell.swift; sourceTree = "<group>"; };
		C25E4EEB2559514200A43439 /* RecipeTableViewCell.xib */ = {isa = PBXFileReference; lastKnownFileType = file.xib; path = RecipeTableViewCell.xib; sourceTree = "<group>"; };
		C25E4EEE255A835600A43439 /* RecipeSearchError.swift */ = {isa = PBXFileReference; lastKnownFileType = sourcecode.swift; path = RecipeSearchError.swift; sourceTree = "<group>"; };
		C2643C0B255C137E00C089EA /* RecipeDetailView.xib */ = {isa = PBXFileReference; fileEncoding = 4; lastKnownFileType = file.xib; path = RecipeDetailView.xib; sourceTree = "<group>"; };
		C2643C2C255C549100C089EA /* FavoriteViewController.swift */ = {isa = PBXFileReference; lastKnownFileType = sourcecode.swift; path = FavoriteViewController.swift; sourceTree = "<group>"; };
		C28923B4256293E70081B1A9 /* edamam.json */ = {isa = PBXFileReference; lastKnownFileType = text.json; path = edamam.json; sourceTree = "<group>"; };
		C28923B9256294800081B1A9 /* FakeResponseData.swift */ = {isa = PBXFileReference; lastKnownFileType = sourcecode.swift; path = FakeResponseData.swift; sourceTree = "<group>"; };
		C28923DB256298E00081B1A9 /* AlamoSessionFake.swift */ = {isa = PBXFileReference; lastKnownFileType = sourcecode.swift; path = AlamoSessionFake.swift; sourceTree = "<group>"; };
		C28E8C7E254FF32500FDEE84 /* Reciplease.app */ = {isa = PBXFileReference; explicitFileType = wrapper.application; includeInIndex = 0; path = Reciplease.app; sourceTree = BUILT_PRODUCTS_DIR; };
		C28E8C81254FF32500FDEE84 /* AppDelegate.swift */ = {isa = PBXFileReference; lastKnownFileType = sourcecode.swift; path = AppDelegate.swift; sourceTree = "<group>"; };
		C28E8C83254FF32500FDEE84 /* SceneDelegate.swift */ = {isa = PBXFileReference; lastKnownFileType = sourcecode.swift; path = SceneDelegate.swift; sourceTree = "<group>"; };
		C28E8C88254FF32500FDEE84 /* Base */ = {isa = PBXFileReference; lastKnownFileType = file.storyboard; name = Base; path = Base.lproj/Main.storyboard; sourceTree = "<group>"; };
		C28E8C8B254FF32500FDEE84 /* Reciplease.xcdatamodel */ = {isa = PBXFileReference; lastKnownFileType = wrapper.xcdatamodel; path = Reciplease.xcdatamodel; sourceTree = "<group>"; };
		C28E8C8D254FF32A00FDEE84 /* Assets.xcassets */ = {isa = PBXFileReference; lastKnownFileType = folder.assetcatalog; path = Assets.xcassets; sourceTree = "<group>"; };
		C28E8C90254FF32A00FDEE84 /* Base */ = {isa = PBXFileReference; lastKnownFileType = file.storyboard; name = Base; path = Base.lproj/LaunchScreen.storyboard; sourceTree = "<group>"; };
		C28E8C92254FF32A00FDEE84 /* Info.plist */ = {isa = PBXFileReference; lastKnownFileType = text.plist.xml; path = Info.plist; sourceTree = "<group>"; };
		C28E8C97254FF32B00FDEE84 /* RecipleaseTests.xctest */ = {isa = PBXFileReference; explicitFileType = wrapper.cfbundle; includeInIndex = 0; path = RecipleaseTests.xctest; sourceTree = BUILT_PRODUCTS_DIR; };
		C28E8C9D254FF32B00FDEE84 /* Info.plist */ = {isa = PBXFileReference; lastKnownFileType = text.plist.xml; path = Info.plist; sourceTree = "<group>"; };
		C28E8CA2254FF32B00FDEE84 /* RecipleaseUITests.xctest */ = {isa = PBXFileReference; explicitFileType = wrapper.cfbundle; includeInIndex = 0; path = RecipleaseUITests.xctest; sourceTree = BUILT_PRODUCTS_DIR; };
		C28E8CA6254FF32B00FDEE84 /* RecipleaseUITests.swift */ = {isa = PBXFileReference; lastKnownFileType = sourcecode.swift; path = RecipleaseUITests.swift; sourceTree = "<group>"; };
		C28E8CA8254FF32B00FDEE84 /* Info.plist */ = {isa = PBXFileReference; lastKnownFileType = text.plist.xml; path = Info.plist; sourceTree = "<group>"; };
		C2C15A1B255FECC6001FE157 /* FavoriteRecipe.swift */ = {isa = PBXFileReference; lastKnownFileType = sourcecode.swift; path = FavoriteRecipe.swift; sourceTree = "<group>"; };
		C2C15A3A256001C3001FE157 /* RecipeModel.swift */ = {isa = PBXFileReference; lastKnownFileType = sourcecode.swift; path = RecipeModel.swift; sourceTree = "<group>"; };
		C2C15A4825614754001FE157 /* CoreDataStack.swift */ = {isa = PBXFileReference; lastKnownFileType = sourcecode.swift; path = CoreDataStack.swift; sourceTree = "<group>"; };
		C2C15A4D25614BC2001FE157 /* FavoriteRecipeStorage.swift */ = {isa = PBXFileReference; lastKnownFileType = sourcecode.swift; path = FavoriteRecipeStorage.swift; sourceTree = "<group>"; };
		C2C15A73256179F5001FE157 /* SessionProtocol.swift */ = {isa = PBXFileReference; lastKnownFileType = sourcecode.swift; path = SessionProtocol.swift; sourceTree = "<group>"; };
		C2C15A7F25617D69001FE157 /* AlamoClient.swift */ = {isa = PBXFileReference; lastKnownFileType = sourcecode.swift; path = AlamoClient.swift; sourceTree = "<group>"; };
		C2C15A9A25619B1A001FE157 /* RecipleaseTests-Bridging-Header.h */ = {isa = PBXFileReference; lastKnownFileType = sourcecode.c.h; path = "RecipleaseTests-Bridging-Header.h"; sourceTree = "<group>"; };
		C2C15A9B25619B1B001FE157 /* RecipeServiceTestCase.swift */ = {isa = PBXFileReference; lastKnownFileType = sourcecode.swift; path = RecipeServiceTestCase.swift; sourceTree = "<group>"; };
		D981517459F573BCAFC65071 /* Pods-RecipleaseTests.debug.xcconfig */ = {isa = PBXFileReference; includeInIndex = 1; lastKnownFileType = text.xcconfig; name = "Pods-RecipleaseTests.debug.xcconfig"; path = "Target Support Files/Pods-RecipleaseTests/Pods-RecipleaseTests.debug.xcconfig"; sourceTree = "<group>"; };
		F95BFB0FB82C7721D45D5B48 /* Pods-Reciplease.debug.xcconfig */ = {isa = PBXFileReference; includeInIndex = 1; lastKnownFileType = text.xcconfig; name = "Pods-Reciplease.debug.xcconfig"; path = "Target Support Files/Pods-Reciplease/Pods-Reciplease.debug.xcconfig"; sourceTree = "<group>"; };
/* End PBXFileReference section */

/* Begin PBXFrameworksBuildPhase section */
		C28E8C7B254FF32500FDEE84 /* Frameworks */ = {
			isa = PBXFrameworksBuildPhase;
			buildActionMask = 2147483647;
			files = (
				F2716ED2A8462A3EB246B7F2 /* Pods_Reciplease.framework in Frameworks */,
			);
			runOnlyForDeploymentPostprocessing = 0;
		};
		C28E8C94254FF32B00FDEE84 /* Frameworks */ = {
			isa = PBXFrameworksBuildPhase;
			buildActionMask = 2147483647;
			files = (
				40C810C638477B467698F190 /* Pods_RecipleaseTests.framework in Frameworks */,
			);
			runOnlyForDeploymentPostprocessing = 0;
		};
		C28E8C9F254FF32B00FDEE84 /* Frameworks */ = {
			isa = PBXFrameworksBuildPhase;
			buildActionMask = 2147483647;
			files = (
				6ECE3C03DE0C228EC31C0075 /* Pods_Reciplease_RecipleaseUITests.framework in Frameworks */,
			);
			runOnlyForDeploymentPostprocessing = 0;
		};
/* End PBXFrameworksBuildPhase section */

/* Begin PBXGroup section */
		0D6C0DEEC1857EE084D118AB /* Frameworks */ = {
			isa = PBXGroup;
			children = (
				630378570F790D54DA61274D /* Pods_Reciplease.framework */,
				A95267FA6BB9A169829AB7AE /* Pods_Reciplease_RecipleaseUITests.framework */,
				6F17EEEA636155A7E9AD2402 /* Pods_RecipleaseTests.framework */,
			);
			name = Frameworks;
			sourceTree = "<group>";
		};
		B3CA892AB23F5C1BF3AC40DE /* Pods */ = {
			isa = PBXGroup;
			children = (
				F95BFB0FB82C7721D45D5B48 /* Pods-Reciplease.debug.xcconfig */,
				A0113864C28CA139235CDDB2 /* Pods-Reciplease.release.xcconfig */,
				5A826A1E231DCFD14E54ADEF /* Pods-Reciplease-RecipleaseUITests.debug.xcconfig */,
				31908AA437E4CAC4F51A6555 /* Pods-Reciplease-RecipleaseUITests.release.xcconfig */,
				D981517459F573BCAFC65071 /* Pods-RecipleaseTests.debug.xcconfig */,
				5A5FA37E8FB6AA2572FC6CAA /* Pods-RecipleaseTests.release.xcconfig */,
			);
			path = Pods;
			sourceTree = "<group>";
		};
		C2643C10255C3CA100C089EA /* Errors */ = {
			isa = PBXGroup;
			children = (
				C22BA0602557FB50005D9906 /* ApiError.swift */,
				C25E4EEE255A835600A43439 /* RecipeSearchError.swift */,
			);
			path = Errors;
			sourceTree = "<group>";
		};
		C2643C11255C3CD000C089EA /* Service */ = {
			isa = PBXGroup;
			children = (
				C22BA050255025C4005D9906 /* RecipeService.swift */,
				C2C15A73256179F5001FE157 /* SessionProtocol.swift */,
				C2C15A7F25617D69001FE157 /* AlamoClient.swift */,
			);
			path = Service;
			sourceTree = "<group>";
		};
		C2643C12255C3CDB00C089EA /* Entities */ = {
			isa = PBXGroup;
			children = (
				C22BA05225503913005D9906 /* RecipeSearchResult.swift */,
				C2C15A3A256001C3001FE157 /* RecipeModel.swift */,
			);
			path = Entities;
			sourceTree = "<group>";
		};
		C2643C16255C3CFA00C089EA /* Extensions */ = {
			isa = PBXGroup;
			children = (
				C22BA06A2558491F005D9906 /* Extension+Viewcontroller.swift */,
				C25E4EE8255924BE00A43439 /* Extension+UIImageView.swift */,
			);
			path = Extensions;
			sourceTree = "<group>";
		};
		C2643C25255C3D6C00C089EA /* Xibs */ = {
			isa = PBXGroup;
			children = (
				C25E4EEB2559514200A43439 /* RecipeTableViewCell.xib */,
				C2643C0B255C137E00C089EA /* RecipeDetailView.xib */,
			);
			path = Xibs;
			sourceTree = "<group>";
		};
		C28E8C75254FF32500FDEE84 = {
			isa = PBXGroup;
			children = (
				C28E8C80254FF32500FDEE84 /* Reciplease */,
				C28E8C9A254FF32B00FDEE84 /* RecipleaseTests */,
				C28E8CA5254FF32B00FDEE84 /* RecipleaseUITests */,
				C28E8C7F254FF32500FDEE84 /* Products */,
				B3CA892AB23F5C1BF3AC40DE /* Pods */,
				0D6C0DEEC1857EE084D118AB /* Frameworks */,
			);
			sourceTree = "<group>";
		};
		C28E8C7F254FF32500FDEE84 /* Products */ = {
			isa = PBXGroup;
			children = (
				C28E8C7E254FF32500FDEE84 /* Reciplease.app */,
				C28E8C97254FF32B00FDEE84 /* RecipleaseTests.xctest */,
				C28E8CA2254FF32B00FDEE84 /* RecipleaseUITests.xctest */,
			);
			name = Products;
			sourceTree = "<group>";
		};
		C28E8C80254FF32500FDEE84 /* Reciplease */ = {
			isa = PBXGroup;
			children = (
				C28E8C92254FF32A00FDEE84 /* Info.plist */,
				C28E8CB4254FF37A00FDEE84 /* Models */,
				C28E8CB6254FF39D00FDEE84 /* Controllers */,
				C28E8CB5254FF39600FDEE84 /* Views */,
				C28E8CB7254FF3D100FDEE84 /* Supporting files */,
			);
			path = Reciplease;
			sourceTree = "<group>";
		};
		C28E8C9A254FF32B00FDEE84 /* RecipleaseTests */ = {
			isa = PBXGroup;
			children = (
				C28E8C9D254FF32B00FDEE84 /* Info.plist */,
				C2C15A9B25619B1B001FE157 /* RecipeServiceTestCase.swift */,
				C23B575B2562810B004EDA15 /* CoreDataStoreTestCase.swift */,
				C28923B9256294800081B1A9 /* FakeResponseData.swift */,
				C28923DB256298E00081B1A9 /* AlamoSessionFake.swift */,
				C23B575625627C04004EDA15 /* TestCoreDataStack.swift */,
				C28923B4256293E70081B1A9 /* edamam.json */,
				C2C15A9A25619B1A001FE157 /* RecipleaseTests-Bridging-Header.h */,
			);
			path = RecipleaseTests;
			sourceTree = "<group>";
		};
		C28E8CA5254FF32B00FDEE84 /* RecipleaseUITests */ = {
			isa = PBXGroup;
			children = (
				C28E8CA6254FF32B00FDEE84 /* RecipleaseUITests.swift */,
				C28E8CA8254FF32B00FDEE84 /* Info.plist */,
			);
			path = RecipleaseUITests;
			sourceTree = "<group>";
		};
		C28E8CB4254FF37A00FDEE84 /* Models */ = {
			isa = PBXGroup;
			children = (
				C22BA04E2550253F005D9906 /* ApiKey.swift */,
				C2C15A6F2561799B001FE157 /* CoreData */,
				C2643C10255C3CA100C089EA /* Errors */,
				C2643C11255C3CD000C089EA /* Service */,
				C2643C12255C3CDB00C089EA /* Entities */,
			);
			path = Models;
			sourceTree = "<group>";
		};
		C28E8CB5254FF39600FDEE84 /* Views */ = {
			isa = PBXGroup;
			children = (
				C28E8C8D254FF32A00FDEE84 /* Assets.xcassets */,
				C28E8C87254FF32500FDEE84 /* Main.storyboard */,
				C28E8C8F254FF32A00FDEE84 /* LaunchScreen.storyboard */,
				C25E4EEA2559514200A43439 /* RecipeTableViewCell.swift */,
				C242B786255BD4A8004E2A73 /* RecipeDetailView.swift */,
				C2643C25255C3D6C00C089EA /* Xibs */,
			);
			path = Views;
			sourceTree = "<group>";
		};
		C28E8CB6254FF39D00FDEE84 /* Controllers */ = {
			isa = PBXGroup;
			children = (
				C22BA04C25501E8B005D9906 /* AddIngredientsViewController.swift */,
				C22BA062255802E9005D9906 /* RecipeListViewController.swift */,
				C242B763255AD0CF004E2A73 /* DetailViewController.swift */,
				C2643C2C255C549100C089EA /* FavoriteViewController.swift */,
				C2643C16255C3CFA00C089EA /* Extensions */,
			);
			path = Controllers;
			sourceTree = "<group>";
		};
		C28E8CB7254FF3D100FDEE84 /* Supporting files */ = {
			isa = PBXGroup;
			children = (
				C242B77E255BD411004E2A73 /* NibView.swift */,
				C28E8C83254FF32500FDEE84 /* SceneDelegate.swift */,
				C28E8C81254FF32500FDEE84 /* AppDelegate.swift */,
				C20270E22567AAE300DE5986 /* InternetConnectionVerifiyer.swift */,
			);
			path = "Supporting files";
			sourceTree = "<group>";
		};
		C2C15A6F2561799B001FE157 /* CoreData */ = {
			isa = PBXGroup;
			children = (
				C28E8C8A254FF32500FDEE84 /* Reciplease.xcdatamodeld */,
				C2C15A1B255FECC6001FE157 /* FavoriteRecipe.swift */,
				C2C15A4825614754001FE157 /* CoreDataStack.swift */,
				C2C15A4D25614BC2001FE157 /* FavoriteRecipeStorage.swift */,
			);
			name = CoreData;
			path = Errors/CoreData;
			sourceTree = "<group>";
		};
/* End PBXGroup section */

/* Begin PBXNativeTarget section */
		C28E8C7D254FF32500FDEE84 /* Reciplease */ = {
			isa = PBXNativeTarget;
			buildConfigurationList = C28E8CAB254FF32B00FDEE84 /* Build configuration list for PBXNativeTarget "Reciplease" */;
			buildPhases = (
				D92359A54E0A29075111FCB8 /* [CP] Check Pods Manifest.lock */,
				C28E8C7A254FF32500FDEE84 /* Sources */,
				C28E8C7B254FF32500FDEE84 /* Frameworks */,
				C28E8C7C254FF32500FDEE84 /* Resources */,
				15EAB14F2B053B2CC6180120 /* [CP] Embed Pods Frameworks */,
			);
			buildRules = (
			);
			dependencies = (
			);
			name = Reciplease;
			productName = Reciplease;
			productReference = C28E8C7E254FF32500FDEE84 /* Reciplease.app */;
			productType = "com.apple.product-type.application";
		};
		C28E8C96254FF32B00FDEE84 /* RecipleaseTests */ = {
			isa = PBXNativeTarget;
			buildConfigurationList = C28E8CAE254FF32B00FDEE84 /* Build configuration list for PBXNativeTarget "RecipleaseTests" */;
			buildPhases = (
				CCBAB49E0F9FAC30F9C51422 /* [CP] Check Pods Manifest.lock */,
				C28E8C93254FF32B00FDEE84 /* Sources */,
				C28E8C94254FF32B00FDEE84 /* Frameworks */,
				C28E8C95254FF32B00FDEE84 /* Resources */,
			);
			buildRules = (
			);
			dependencies = (
				C28E8C99254FF32B00FDEE84 /* PBXTargetDependency */,
			);
			name = RecipleaseTests;
			productName = RecipleaseTests;
			productReference = C28E8C97254FF32B00FDEE84 /* RecipleaseTests.xctest */;
			productType = "com.apple.product-type.bundle.unit-test";
		};
		C28E8CA1254FF32B00FDEE84 /* RecipleaseUITests */ = {
			isa = PBXNativeTarget;
			buildConfigurationList = C28E8CB1254FF32B00FDEE84 /* Build configuration list for PBXNativeTarget "RecipleaseUITests" */;
			buildPhases = (
				24D435A9821FEC6C102B04A0 /* [CP] Check Pods Manifest.lock */,
				C28E8C9E254FF32B00FDEE84 /* Sources */,
				C28E8C9F254FF32B00FDEE84 /* Frameworks */,
				C28E8CA0254FF32B00FDEE84 /* Resources */,
				3D64BD81A3D5FAA3494646E3 /* [CP] Embed Pods Frameworks */,
			);
			buildRules = (
			);
			dependencies = (
				C28E8CA4254FF32B00FDEE84 /* PBXTargetDependency */,
			);
			name = RecipleaseUITests;
			productName = RecipleaseUITests;
			productReference = C28E8CA2254FF32B00FDEE84 /* RecipleaseUITests.xctest */;
			productType = "com.apple.product-type.bundle.ui-testing";
		};
/* End PBXNativeTarget section */

/* Begin PBXProject section */
		C28E8C76254FF32500FDEE84 /* Project object */ = {
			isa = PBXProject;
			attributes = {
				LastSwiftUpdateCheck = 1130;
				LastUpgradeCheck = 1210;
				ORGANIZATIONNAME = marwen;
				TargetAttributes = {
					C28E8C7D254FF32500FDEE84 = {
						CreatedOnToolsVersion = 11.3;
					};
					C28E8C96254FF32B00FDEE84 = {
						CreatedOnToolsVersion = 11.3;
						LastSwiftMigration = 1210;
						TestTargetID = C28E8C7D254FF32500FDEE84;
					};
					C28E8CA1254FF32B00FDEE84 = {
						CreatedOnToolsVersion = 11.3;
						TestTargetID = C28E8C7D254FF32500FDEE84;
					};
				};
			};
			buildConfigurationList = C28E8C79254FF32500FDEE84 /* Build configuration list for PBXProject "Reciplease" */;
			compatibilityVersion = "Xcode 9.3";
			developmentRegion = en;
			hasScannedForEncodings = 0;
			knownRegions = (
				en,
				Base,
			);
			mainGroup = C28E8C75254FF32500FDEE84;
			productRefGroup = C28E8C7F254FF32500FDEE84 /* Products */;
			projectDirPath = "";
			projectRoot = "";
			targets = (
				C28E8C7D254FF32500FDEE84 /* Reciplease */,
				C28E8C96254FF32B00FDEE84 /* RecipleaseTests */,
				C28E8CA1254FF32B00FDEE84 /* RecipleaseUITests */,
			);
		};
/* End PBXProject section */

/* Begin PBXResourcesBuildPhase section */
		C28E8C7C254FF32500FDEE84 /* Resources */ = {
			isa = PBXResourcesBuildPhase;
			buildActionMask = 2147483647;
			files = (
				C28E8C91254FF32A00FDEE84 /* LaunchScreen.storyboard in Resources */,
				C28E8C8E254FF32A00FDEE84 /* Assets.xcassets in Resources */,
				C2643C0C255C137E00C089EA /* RecipeDetailView.xib in Resources */,
				C28E8C89254FF32500FDEE84 /* Main.storyboard in Resources */,
				C25E4EED2559514200A43439 /* RecipeTableViewCell.xib in Resources */,
			);
			runOnlyForDeploymentPostprocessing = 0;
		};
		C28E8C95254FF32B00FDEE84 /* Resources */ = {
			isa = PBXResourcesBuildPhase;
			buildActionMask = 2147483647;
			files = (
				C28923B5256293E70081B1A9 /* edamam.json in Resources */,
			);
			runOnlyForDeploymentPostprocessing = 0;
		};
		C28E8CA0254FF32B00FDEE84 /* Resources */ = {
			isa = PBXResourcesBuildPhase;
			buildActionMask = 2147483647;
			files = (
			);
			runOnlyForDeploymentPostprocessing = 0;
		};
/* End PBXResourcesBuildPhase section */

/* Begin PBXShellScriptBuildPhase section */
		15EAB14F2B053B2CC6180120 /* [CP] Embed Pods Frameworks */ = {
			isa = PBXShellScriptBuildPhase;
			buildActionMask = 2147483647;
			files = (
			);
			inputFileListPaths = (
				"${PODS_ROOT}/Target Support Files/Pods-Reciplease/Pods-Reciplease-frameworks-${CONFIGURATION}-input-files.xcfilelist",
			);
			name = "[CP] Embed Pods Frameworks";
			outputFileListPaths = (
				"${PODS_ROOT}/Target Support Files/Pods-Reciplease/Pods-Reciplease-frameworks-${CONFIGURATION}-output-files.xcfilelist",
			);
			runOnlyForDeploymentPostprocessing = 0;
			shellPath = /bin/sh;
			shellScript = "\"${PODS_ROOT}/Target Support Files/Pods-Reciplease/Pods-Reciplease-frameworks.sh\"\n";
			showEnvVarsInLog = 0;
		};
		24D435A9821FEC6C102B04A0 /* [CP] Check Pods Manifest.lock */ = {
			isa = PBXShellScriptBuildPhase;
			buildActionMask = 2147483647;
			files = (
			);
			inputFileListPaths = (
			);
			inputPaths = (
				"${PODS_PODFILE_DIR_PATH}/Podfile.lock",
				"${PODS_ROOT}/Manifest.lock",
			);
			name = "[CP] Check Pods Manifest.lock";
			outputFileListPaths = (
			);
			outputPaths = (
				"$(DERIVED_FILE_DIR)/Pods-Reciplease-RecipleaseUITests-checkManifestLockResult.txt",
			);
			runOnlyForDeploymentPostprocessing = 0;
			shellPath = /bin/sh;
			shellScript = "diff \"${PODS_PODFILE_DIR_PATH}/Podfile.lock\" \"${PODS_ROOT}/Manifest.lock\" > /dev/null\nif [ $? != 0 ] ; then\n    # print error to STDERR\n    echo \"error: The sandbox is not in sync with the Podfile.lock. Run 'pod install' or update your CocoaPods installation.\" >&2\n    exit 1\nfi\n# This output is used by Xcode 'outputs' to avoid re-running this script phase.\necho \"SUCCESS\" > \"${SCRIPT_OUTPUT_FILE_0}\"\n";
			showEnvVarsInLog = 0;
		};
		3D64BD81A3D5FAA3494646E3 /* [CP] Embed Pods Frameworks */ = {
			isa = PBXShellScriptBuildPhase;
			buildActionMask = 2147483647;
			files = (
			);
			inputFileListPaths = (
				"${PODS_ROOT}/Target Support Files/Pods-Reciplease-RecipleaseUITests/Pods-Reciplease-RecipleaseUITests-frameworks-${CONFIGURATION}-input-files.xcfilelist",
			);
			name = "[CP] Embed Pods Frameworks";
			outputFileListPaths = (
				"${PODS_ROOT}/Target Support Files/Pods-Reciplease-RecipleaseUITests/Pods-Reciplease-RecipleaseUITests-frameworks-${CONFIGURATION}-output-files.xcfilelist",
			);
			runOnlyForDeploymentPostprocessing = 0;
			shellPath = /bin/sh;
			shellScript = "\"${PODS_ROOT}/Target Support Files/Pods-Reciplease-RecipleaseUITests/Pods-Reciplease-RecipleaseUITests-frameworks.sh\"\n";
			showEnvVarsInLog = 0;
		};
		CCBAB49E0F9FAC30F9C51422 /* [CP] Check Pods Manifest.lock */ = {
			isa = PBXShellScriptBuildPhase;
			buildActionMask = 2147483647;
			files = (
			);
			inputFileListPaths = (
			);
			inputPaths = (
				"${PODS_PODFILE_DIR_PATH}/Podfile.lock",
				"${PODS_ROOT}/Manifest.lock",
			);
			name = "[CP] Check Pods Manifest.lock";
			outputFileListPaths = (
			);
			outputPaths = (
				"$(DERIVED_FILE_DIR)/Pods-RecipleaseTests-checkManifestLockResult.txt",
			);
			runOnlyForDeploymentPostprocessing = 0;
			shellPath = /bin/sh;
			shellScript = "diff \"${PODS_PODFILE_DIR_PATH}/Podfile.lock\" \"${PODS_ROOT}/Manifest.lock\" > /dev/null\nif [ $? != 0 ] ; then\n    # print error to STDERR\n    echo \"error: The sandbox is not in sync with the Podfile.lock. Run 'pod install' or update your CocoaPods installation.\" >&2\n    exit 1\nfi\n# This output is used by Xcode 'outputs' to avoid re-running this script phase.\necho \"SUCCESS\" > \"${SCRIPT_OUTPUT_FILE_0}\"\n";
			showEnvVarsInLog = 0;
		};
		D92359A54E0A29075111FCB8 /* [CP] Check Pods Manifest.lock */ = {
			isa = PBXShellScriptBuildPhase;
			buildActionMask = 2147483647;
			files = (
			);
			inputFileListPaths = (
			);
			inputPaths = (
				"${PODS_PODFILE_DIR_PATH}/Podfile.lock",
				"${PODS_ROOT}/Manifest.lock",
			);
			name = "[CP] Check Pods Manifest.lock";
			outputFileListPaths = (
			);
			outputPaths = (
				"$(DERIVED_FILE_DIR)/Pods-Reciplease-checkManifestLockResult.txt",
			);
			runOnlyForDeploymentPostprocessing = 0;
			shellPath = /bin/sh;
			shellScript = "diff \"${PODS_PODFILE_DIR_PATH}/Podfile.lock\" \"${PODS_ROOT}/Manifest.lock\" > /dev/null\nif [ $? != 0 ] ; then\n    # print error to STDERR\n    echo \"error: The sandbox is not in sync with the Podfile.lock. Run 'pod install' or update your CocoaPods installation.\" >&2\n    exit 1\nfi\n# This output is used by Xcode 'outputs' to avoid re-running this script phase.\necho \"SUCCESS\" > \"${SCRIPT_OUTPUT_FILE_0}\"\n";
			showEnvVarsInLog = 0;
		};
/* End PBXShellScriptBuildPhase section */

/* Begin PBXSourcesBuildPhase section */
		C28E8C7A254FF32500FDEE84 /* Sources */ = {
			isa = PBXSourcesBuildPhase;
			buildActionMask = 2147483647;
			files = (
				C2C15A4925614754001FE157 /* CoreDataStack.swift in Sources */,
				C28E8C8C254FF32500FDEE84 /* Reciplease.xcdatamodeld in Sources */,
				C22BA051255025C4005D9906 /* RecipeService.swift in Sources */,
				C22BA06B2558491F005D9906 /* Extension+Viewcontroller.swift in Sources */,
				C25E4EEC2559514200A43439 /* RecipeTableViewCell.swift in Sources */,
				C22BA063255802E9005D9906 /* RecipeListViewController.swift in Sources */,
				C20270E32567AAE300DE5986 /* InternetConnectionVerifiyer.swift in Sources */,
				C242B77F255BD411004E2A73 /* NibView.swift in Sources */,
				C22BA05325503913005D9906 /* RecipeSearchResult.swift in Sources */,
				C2C15A1C255FECC6001FE157 /* FavoriteRecipe.swift in Sources */,
				C25E4EEF255A835600A43439 /* RecipeSearchError.swift in Sources */,
				C22BA04D25501E8B005D9906 /* AddIngredientsViewController.swift in Sources */,
				C28E8C82254FF32500FDEE84 /* AppDelegate.swift in Sources */,
				C22BA0612557FB50005D9906 /* ApiError.swift in Sources */,
				C2C15A74256179F5001FE157 /* SessionProtocol.swift in Sources */,
				C22BA04F2550253F005D9906 /* ApiKey.swift in Sources */,
				C2C15A4E25614BC2001FE157 /* FavoriteRecipeStorage.swift in Sources */,
				C2C15A8025617D69001FE157 /* AlamoClient.swift in Sources */,
				C2643C2D255C549100C089EA /* FavoriteViewController.swift in Sources */,
				C2C15A3B256001C3001FE157 /* RecipeModel.swift in Sources */,
				C25E4EE9255924BE00A43439 /* Extension+UIImageView.swift in Sources */,
				C28E8C84254FF32500FDEE84 /* SceneDelegate.swift in Sources */,
				C242B764255AD0CF004E2A73 /* DetailViewController.swift in Sources */,
				C242B787255BD4A9004E2A73 /* RecipeDetailView.swift in Sources */,
			);
			runOnlyForDeploymentPostprocessing = 0;
		};
		C28E8C93254FF32B00FDEE84 /* Sources */ = {
			isa = PBXSourcesBuildPhase;
			buildActionMask = 2147483647;
			files = (
				C2C15A9C25619B1B001FE157 /* RecipeServiceTestCase.swift in Sources */,
				C28923BA256294800081B1A9 /* FakeResponseData.swift in Sources */,
				C23B575C2562810B004EDA15 /* CoreDataStoreTestCase.swift in Sources */,
				C28923DC256298E00081B1A9 /* AlamoSessionFake.swift in Sources */,
				C23B575725627C04004EDA15 /* TestCoreDataStack.swift in Sources */,
			);
			runOnlyForDeploymentPostprocessing = 0;
		};
		C28E8C9E254FF32B00FDEE84 /* Sources */ = {
			isa = PBXSourcesBuildPhase;
			buildActionMask = 2147483647;
			files = (
				C28E8CA7254FF32B00FDEE84 /* RecipleaseUITests.swift in Sources */,
			);
			runOnlyForDeploymentPostprocessing = 0;
		};
/* End PBXSourcesBuildPhase section */

/* Begin PBXTargetDependency section */
		C28E8C99254FF32B00FDEE84 /* PBXTargetDependency */ = {
			isa = PBXTargetDependency;
			target = C28E8C7D254FF32500FDEE84 /* Reciplease */;
			targetProxy = C28E8C98254FF32B00FDEE84 /* PBXContainerItemProxy */;
		};
		C28E8CA4254FF32B00FDEE84 /* PBXTargetDependency */ = {
			isa = PBXTargetDependency;
			target = C28E8C7D254FF32500FDEE84 /* Reciplease */;
			targetProxy = C28E8CA3254FF32B00FDEE84 /* PBXContainerItemProxy */;
		};
/* End PBXTargetDependency section */

/* Begin PBXVariantGroup section */
		C28E8C87254FF32500FDEE84 /* Main.storyboard */ = {
			isa = PBXVariantGroup;
			children = (
				C28E8C88254FF32500FDEE84 /* Base */,
			);
			name = Main.storyboard;
			sourceTree = "<group>";
		};
		C28E8C8F254FF32A00FDEE84 /* LaunchScreen.storyboard */ = {
			isa = PBXVariantGroup;
			children = (
				C28E8C90254FF32A00FDEE84 /* Base */,
			);
			name = LaunchScreen.storyboard;
			sourceTree = "<group>";
		};
/* End PBXVariantGroup section */

/* Begin XCBuildConfiguration section */
		C28E8CA9254FF32B00FDEE84 /* Debug */ = {
			isa = XCBuildConfiguration;
			buildSettings = {
				ALWAYS_SEARCH_USER_PATHS = NO;
				CLANG_ANALYZER_NONNULL = YES;
				CLANG_ANALYZER_NUMBER_OBJECT_CONVERSION = YES_AGGRESSIVE;
				CLANG_CXX_LANGUAGE_STANDARD = "gnu++14";
				CLANG_CXX_LIBRARY = "libc++";
				CLANG_ENABLE_MODULES = YES;
				CLANG_ENABLE_OBJC_ARC = YES;
				CLANG_ENABLE_OBJC_WEAK = YES;
				CLANG_WARN_BLOCK_CAPTURE_AUTORELEASING = YES;
				CLANG_WARN_BOOL_CONVERSION = YES;
				CLANG_WARN_COMMA = YES;
				CLANG_WARN_CONSTANT_CONVERSION = YES;
				CLANG_WARN_DEPRECATED_OBJC_IMPLEMENTATIONS = YES;
				CLANG_WARN_DIRECT_OBJC_ISA_USAGE = YES_ERROR;
				CLANG_WARN_DOCUMENTATION_COMMENTS = YES;
				CLANG_WARN_EMPTY_BODY = YES;
				CLANG_WARN_ENUM_CONVERSION = YES;
				CLANG_WARN_INFINITE_RECURSION = YES;
				CLANG_WARN_INT_CONVERSION = YES;
				CLANG_WARN_NON_LITERAL_NULL_CONVERSION = YES;
				CLANG_WARN_OBJC_IMPLICIT_RETAIN_SELF = YES;
				CLANG_WARN_OBJC_LITERAL_CONVERSION = YES;
				CLANG_WARN_OBJC_ROOT_CLASS = YES_ERROR;
				CLANG_WARN_QUOTED_INCLUDE_IN_FRAMEWORK_HEADER = YES;
				CLANG_WARN_RANGE_LOOP_ANALYSIS = YES;
				CLANG_WARN_STRICT_PROTOTYPES = YES;
				CLANG_WARN_SUSPICIOUS_MOVE = YES;
				CLANG_WARN_UNGUARDED_AVAILABILITY = YES_AGGRESSIVE;
				CLANG_WARN_UNREACHABLE_CODE = YES;
				CLANG_WARN__DUPLICATE_METHOD_MATCH = YES;
				COPY_PHASE_STRIP = NO;
				DEBUG_INFORMATION_FORMAT = dwarf;
				ENABLE_STRICT_OBJC_MSGSEND = YES;
				ENABLE_TESTABILITY = YES;
				GCC_C_LANGUAGE_STANDARD = gnu11;
				GCC_DYNAMIC_NO_PIC = NO;
				GCC_NO_COMMON_BLOCKS = YES;
				GCC_OPTIMIZATION_LEVEL = 0;
				GCC_PREPROCESSOR_DEFINITIONS = (
					"DEBUG=1",
					"$(inherited)",
				);
				GCC_WARN_64_TO_32_BIT_CONVERSION = YES;
				GCC_WARN_ABOUT_RETURN_TYPE = YES_ERROR;
				GCC_WARN_UNDECLARED_SELECTOR = YES;
				GCC_WARN_UNINITIALIZED_AUTOS = YES_AGGRESSIVE;
				GCC_WARN_UNUSED_FUNCTION = YES;
				GCC_WARN_UNUSED_VARIABLE = YES;
				IPHONEOS_DEPLOYMENT_TARGET = 12.0;
				MTL_ENABLE_DEBUG_INFO = INCLUDE_SOURCE;
				MTL_FAST_MATH = YES;
				ONLY_ACTIVE_ARCH = YES;
				SDKROOT = iphoneos;
				SWIFT_ACTIVE_COMPILATION_CONDITIONS = DEBUG;
				SWIFT_OPTIMIZATION_LEVEL = "-Onone";
			};
			name = Debug;
		};
		C28E8CAA254FF32B00FDEE84 /* Release */ = {
			isa = XCBuildConfiguration;
			buildSettings = {
				ALWAYS_SEARCH_USER_PATHS = NO;
				CLANG_ANALYZER_NONNULL = YES;
				CLANG_ANALYZER_NUMBER_OBJECT_CONVERSION = YES_AGGRESSIVE;
				CLANG_CXX_LANGUAGE_STANDARD = "gnu++14";
				CLANG_CXX_LIBRARY = "libc++";
				CLANG_ENABLE_MODULES = YES;
				CLANG_ENABLE_OBJC_ARC = YES;
				CLANG_ENABLE_OBJC_WEAK = YES;
				CLANG_WARN_BLOCK_CAPTURE_AUTORELEASING = YES;
				CLANG_WARN_BOOL_CONVERSION = YES;
				CLANG_WARN_COMMA = YES;
				CLANG_WARN_CONSTANT_CONVERSION = YES;
				CLANG_WARN_DEPRECATED_OBJC_IMPLEMENTATIONS = YES;
				CLANG_WARN_DIRECT_OBJC_ISA_USAGE = YES_ERROR;
				CLANG_WARN_DOCUMENTATION_COMMENTS = YES;
				CLANG_WARN_EMPTY_BODY = YES;
				CLANG_WARN_ENUM_CONVERSION = YES;
				CLANG_WARN_INFINITE_RECURSION = YES;
				CLANG_WARN_INT_CONVERSION = YES;
				CLANG_WARN_NON_LITERAL_NULL_CONVERSION = YES;
				CLANG_WARN_OBJC_IMPLICIT_RETAIN_SELF = YES;
				CLANG_WARN_OBJC_LITERAL_CONVERSION = YES;
				CLANG_WARN_OBJC_ROOT_CLASS = YES_ERROR;
				CLANG_WARN_QUOTED_INCLUDE_IN_FRAMEWORK_HEADER = YES;
				CLANG_WARN_RANGE_LOOP_ANALYSIS = YES;
				CLANG_WARN_STRICT_PROTOTYPES = YES;
				CLANG_WARN_SUSPICIOUS_MOVE = YES;
				CLANG_WARN_UNGUARDED_AVAILABILITY = YES_AGGRESSIVE;
				CLANG_WARN_UNREACHABLE_CODE = YES;
				CLANG_WARN__DUPLICATE_METHOD_MATCH = YES;
				COPY_PHASE_STRIP = NO;
				DEBUG_INFORMATION_FORMAT = "dwarf-with-dsym";
				ENABLE_NS_ASSERTIONS = NO;
				ENABLE_STRICT_OBJC_MSGSEND = YES;
				GCC_C_LANGUAGE_STANDARD = gnu11;
				GCC_NO_COMMON_BLOCKS = YES;
				GCC_WARN_64_TO_32_BIT_CONVERSION = YES;
				GCC_WARN_ABOUT_RETURN_TYPE = YES_ERROR;
				GCC_WARN_UNDECLARED_SELECTOR = YES;
				GCC_WARN_UNINITIALIZED_AUTOS = YES_AGGRESSIVE;
				GCC_WARN_UNUSED_FUNCTION = YES;
				GCC_WARN_UNUSED_VARIABLE = YES;
				IPHONEOS_DEPLOYMENT_TARGET = 12.0;
				MTL_ENABLE_DEBUG_INFO = NO;
				MTL_FAST_MATH = YES;
				SDKROOT = iphoneos;
				SWIFT_COMPILATION_MODE = wholemodule;
				SWIFT_OPTIMIZATION_LEVEL = "-O";
				VALIDATE_PRODUCT = YES;
			};
			name = Release;
		};
		C28E8CAC254FF32B00FDEE84 /* Debug */ = {
			isa = XCBuildConfiguration;
			baseConfigurationReference = F95BFB0FB82C7721D45D5B48 /* Pods-Reciplease.debug.xcconfig */;
			buildSettings = {
				ASSETCATALOG_COMPILER_APPICON_NAME = AppIcon;
				CODE_SIGN_STYLE = Automatic;
				DEVELOPMENT_TEAM = PTPRZC36QH;
				INFOPLIST_FILE = Reciplease/Info.plist;
				LD_RUNPATH_SEARCH_PATHS = (
					"$(inherited)",
					"@executable_path/Frameworks",
				);
				PRODUCT_BUNDLE_IDENTIFIER = com.marwen.Reciplease;
				PRODUCT_NAME = "$(TARGET_NAME)";
				SWIFT_VERSION = 5.0;
				TARGETED_DEVICE_FAMILY = 1;
			};
			name = Debug;
		};
		C28E8CAD254FF32B00FDEE84 /* Release */ = {
			isa = XCBuildConfiguration;
			baseConfigurationReference = A0113864C28CA139235CDDB2 /* Pods-Reciplease.release.xcconfig */;
			buildSettings = {
				ASSETCATALOG_COMPILER_APPICON_NAME = AppIcon;
				CODE_SIGN_STYLE = Automatic;
				DEVELOPMENT_TEAM = PTPRZC36QH;
				INFOPLIST_FILE = Reciplease/Info.plist;
				LD_RUNPATH_SEARCH_PATHS = (
					"$(inherited)",
					"@executable_path/Frameworks",
				);
				PRODUCT_BUNDLE_IDENTIFIER = com.marwen.Reciplease;
				PRODUCT_NAME = "$(TARGET_NAME)";
				SWIFT_VERSION = 5.0;
				TARGETED_DEVICE_FAMILY = 1;
			};
			name = Release;
		};
		C28E8CAF254FF32B00FDEE84 /* Debug */ = {
			isa = XCBuildConfiguration;
			baseConfigurationReference = D981517459F573BCAFC65071 /* Pods-RecipleaseTests.debug.xcconfig */;
			buildSettings = {
				ALWAYS_EMBED_SWIFT_STANDARD_LIBRARIES = YES;
				BUNDLE_LOADER = "$(TEST_HOST)";
				CLANG_ENABLE_MODULES = YES;
				CODE_SIGN_STYLE = Automatic;
				DEVELOPMENT_TEAM = PTPRZC36QH;
				INFOPLIST_FILE = RecipleaseTests/Info.plist;
				IPHONEOS_DEPLOYMENT_TARGET = 13.2;
				LD_RUNPATH_SEARCH_PATHS = (
					"$(inherited)",
					"@executable_path/Frameworks",
					"@loader_path/Frameworks",
				);
				PRODUCT_BUNDLE_IDENTIFIER = com.marwen.RecipleaseTests;
				PRODUCT_NAME = "$(TARGET_NAME)";
				SWIFT_OBJC_BRIDGING_HEADER = "RecipleaseTests/RecipleaseTests-Bridging-Header.h";
				SWIFT_OPTIMIZATION_LEVEL = "-Onone";
				SWIFT_VERSION = 5.0;
				TARGETED_DEVICE_FAMILY = "1,2";
				TEST_HOST = "$(BUILT_PRODUCTS_DIR)/Reciplease.app/Reciplease";
			};
			name = Debug;
		};
		C28E8CB0254FF32B00FDEE84 /* Release */ = {
			isa = XCBuildConfiguration;
			baseConfigurationReference = 5A5FA37E8FB6AA2572FC6CAA /* Pods-RecipleaseTests.release.xcconfig */;
			buildSettings = {
				ALWAYS_EMBED_SWIFT_STANDARD_LIBRARIES = YES;
				BUNDLE_LOADER = "$(TEST_HOST)";
				CLANG_ENABLE_MODULES = YES;
				CODE_SIGN_STYLE = Automatic;
				DEVELOPMENT_TEAM = PTPRZC36QH;
				INFOPLIST_FILE = RecipleaseTests/Info.plist;
				IPHONEOS_DEPLOYMENT_TARGET = 13.2;
				LD_RUNPATH_SEARCH_PATHS = (
					"$(inherited)",
					"@executable_path/Frameworks",
					"@loader_path/Frameworks",
				);
				PRODUCT_BUNDLE_IDENTIFIER = com.marwen.RecipleaseTests;
				PRODUCT_NAME = "$(TARGET_NAME)";
				SWIFT_OBJC_BRIDGING_HEADER = "RecipleaseTests/RecipleaseTests-Bridging-Header.h";
				SWIFT_VERSION = 5.0;
				TARGETED_DEVICE_FAMILY = "1,2";
				TEST_HOST = "$(BUILT_PRODUCTS_DIR)/Reciplease.app/Reciplease";
			};
			name = Release;
		};
		C28E8CB2254FF32B00FDEE84 /* Debug */ = {
			isa = XCBuildConfiguration;
			baseConfigurationReference = 5A826A1E231DCFD14E54ADEF /* Pods-Reciplease-RecipleaseUITests.debug.xcconfig */;
			buildSettings = {
				ALWAYS_EMBED_SWIFT_STANDARD_LIBRARIES = YES;
				CODE_SIGN_STYLE = Automatic;
				DEVELOPMENT_TEAM = PTPRZC36QH;
				INFOPLIST_FILE = RecipleaseUITests/Info.plist;
				LD_RUNPATH_SEARCH_PATHS = (
					"$(inherited)",
					"@executable_path/Frameworks",
					"@loader_path/Frameworks",
				);
				PRODUCT_BUNDLE_IDENTIFIER = com.marwen.RecipleaseUITests;
				PRODUCT_NAME = "$(TARGET_NAME)";
				SWIFT_VERSION = 5.0;
				TARGETED_DEVICE_FAMILY = "1,2";
				TEST_TARGET_NAME = Reciplease;
			};
			name = Debug;
		};
		C28E8CB3254FF32B00FDEE84 /* Release */ = {
			isa = XCBuildConfiguration;
			baseConfigurationReference = 31908AA437E4CAC4F51A6555 /* Pods-Reciplease-RecipleaseUITests.release.xcconfig */;
			buildSettings = {
				ALWAYS_EMBED_SWIFT_STANDARD_LIBRARIES = YES;
				CODE_SIGN_STYLE = Automatic;
				DEVELOPMENT_TEAM = PTPRZC36QH;
				INFOPLIST_FILE = RecipleaseUITests/Info.plist;
				LD_RUNPATH_SEARCH_PATHS = (
					"$(inherited)",
					"@executable_path/Frameworks",
					"@loader_path/Frameworks",
				);
				PRODUCT_BUNDLE_IDENTIFIER = com.marwen.RecipleaseUITests;
				PRODUCT_NAME = "$(TARGET_NAME)";
				SWIFT_VERSION = 5.0;
				TARGETED_DEVICE_FAMILY = "1,2";
				TEST_TARGET_NAME = Reciplease;
			};
			name = Release;
		};
/* End XCBuildConfiguration section */

/* Begin XCConfigurationList section */
		C28E8C79254FF32500FDEE84 /* Build configuration list for PBXProject "Reciplease" */ = {
			isa = XCConfigurationList;
			buildConfigurations = (
				C28E8CA9254FF32B00FDEE84 /* Debug */,
				C28E8CAA254FF32B00FDEE84 /* Release */,
			);
			defaultConfigurationIsVisible = 0;
			defaultConfigurationName = Release;
		};
		C28E8CAB254FF32B00FDEE84 /* Build configuration list for PBXNativeTarget "Reciplease" */ = {
			isa = XCConfigurationList;
			buildConfigurations = (
				C28E8CAC254FF32B00FDEE84 /* Debug */,
				C28E8CAD254FF32B00FDEE84 /* Release */,
			);
			defaultConfigurationIsVisible = 0;
			defaultConfigurationName = Release;
		};
		C28E8CAE254FF32B00FDEE84 /* Build configuration list for PBXNativeTarget "RecipleaseTests" */ = {
			isa = XCConfigurationList;
			buildConfigurations = (
				C28E8CAF254FF32B00FDEE84 /* Debug */,
				C28E8CB0254FF32B00FDEE84 /* Release */,
			);
			defaultConfigurationIsVisible = 0;
			defaultConfigurationName = Release;
		};
		C28E8CB1254FF32B00FDEE84 /* Build configuration list for PBXNativeTarget "RecipleaseUITests" */ = {
			isa = XCConfigurationList;
			buildConfigurations = (
				C28E8CB2254FF32B00FDEE84 /* Debug */,
				C28E8CB3254FF32B00FDEE84 /* Release */,
			);
			defaultConfigurationIsVisible = 0;
			defaultConfigurationName = Release;
		};
/* End XCConfigurationList section */

/* Begin XCVersionGroup section */
		C28E8C8A254FF32500FDEE84 /* Reciplease.xcdatamodeld */ = {
			isa = XCVersionGroup;
			children = (
				C28E8C8B254FF32500FDEE84 /* Reciplease.xcdatamodel */,
			);
			currentVersion = C28E8C8B254FF32500FDEE84 /* Reciplease.xcdatamodel */;
			path = Reciplease.xcdatamodeld;
			sourceTree = "<group>";
			versionGroupType = wrapper.xcdatamodel;
		};
/* End XCVersionGroup section */
	};
	rootObject = C28E8C76254FF32500FDEE84 /* Project object */;
}
